// !$*UTF8*$!
{
	archiveVersion = 1;
	classes = {
	};
	objectVersion = 48;
	objects = {

/* Begin PBXBuildFile section */
		3D9DFB7895EEDCEA78473D67 /* Pods_HelperPodExample.framework in Frameworks */ = {isa = PBXBuildFile; fileRef = B613B23558F28C933A87975B /* Pods_HelperPodExample.framework */; };
		908D9166210EFE9600BF6EAD /* AppDelegate.swift in Sources */ = {isa = PBXBuildFile; fileRef = 908D9165210EFE9600BF6EAD /* AppDelegate.swift */; };
		908D9168210EFE9600BF6EAD /* ViewController.swift in Sources */ = {isa = PBXBuildFile; fileRef = 908D9167210EFE9600BF6EAD /* ViewController.swift */; };
		908D916B210EFE9600BF6EAD /* Main.storyboard in Resources */ = {isa = PBXBuildFile; fileRef = 908D9169210EFE9600BF6EAD /* Main.storyboard */; };
		908D916D210EFE9600BF6EAD /* Assets.xcassets in Resources */ = {isa = PBXBuildFile; fileRef = 908D916C210EFE9600BF6EAD /* Assets.xcassets */; };
		908D9170210EFE9600BF6EAD /* LaunchScreen.storyboard in Resources */ = {isa = PBXBuildFile; fileRef = 908D916E210EFE9600BF6EAD /* LaunchScreen.storyboard */; };
/* End PBXBuildFile section */

/* Begin PBXFileReference section */
		908D9162210EFE9600BF6EAD /* HelperPodExample.app */ = {isa = PBXFileReference; explicitFileType = wrapper.application; includeInIndex = 0; path = HelperPodExample.app; sourceTree = BUILT_PRODUCTS_DIR; };
		908D9165210EFE9600BF6EAD /* AppDelegate.swift */ = {isa = PBXFileReference; lastKnownFileType = sourcecode.swift; path = AppDelegate.swift; sourceTree = "<group>"; };
		908D9167210EFE9600BF6EAD /* ViewController.swift */ = {isa = PBXFileReference; lastKnownFileType = sourcecode.swift; path = ViewController.swift; sourceTree = "<group>"; };
		908D916A210EFE9600BF6EAD /* Base */ = {isa = PBXFileReference; lastKnownFileType = file.storyboard; name = Base; path = Base.lproj/Main.storyboard; sourceTree = "<group>"; };
		908D916C210EFE9600BF6EAD /* Assets.xcassets */ = {isa = PBXFileReference; lastKnownFileType = folder.assetcatalog; path = Assets.xcassets; sourceTree = "<group>"; };
		908D916F210EFE9600BF6EAD /* Base */ = {isa = PBXFileReference; lastKnownFileType = file.storyboard; name = Base; path = Base.lproj/LaunchScreen.storyboard; sourceTree = "<group>"; };
		908D9171210EFE9600BF6EAD /* Info.plist */ = {isa = PBXFileReference; lastKnownFileType = text.plist.xml; path = Info.plist; sourceTree = "<group>"; };
		A580758A3E57323AE2E608C7 /* Pods-HelperPodExample.release.xcconfig */ = {isa = PBXFileReference; includeInIndex = 1; lastKnownFileType = text.xcconfig; name = "Pods-HelperPodExample.release.xcconfig"; path = "Pods/Target Support Files/Pods-HelperPodExample/Pods-HelperPodExample.release.xcconfig"; sourceTree = "<group>"; };
		B613B23558F28C933A87975B /* Pods_HelperPodExample.framework */ = {isa = PBXFileReference; explicitFileType = wrapper.framework; includeInIndex = 0; path = Pods_HelperPodExample.framework; sourceTree = BUILT_PRODUCTS_DIR; };
		DB2B47864F4C31613BF1CBD8 /* Pods-HelperPodExample.debug.xcconfig */ = {isa = PBXFileReference; includeInIndex = 1; lastKnownFileType = text.xcconfig; name = "Pods-HelperPodExample.debug.xcconfig"; path = "Pods/Target Support Files/Pods-HelperPodExample/Pods-HelperPodExample.debug.xcconfig"; sourceTree = "<group>"; };
/* End PBXFileReference section */

/* Begin PBXFrameworksBuildPhase section */
		908D915F210EFE9600BF6EAD /* Frameworks */ = {
			isa = PBXFrameworksBuildPhase;
			buildActionMask = 2147483647;
			files = (
				3D9DFB7895EEDCEA78473D67 /* Pods_HelperPodExample.framework in Frameworks */,
			);
			runOnlyForDeploymentPostprocessing = 0;
		};
/* End PBXFrameworksBuildPhase section */

/* Begin PBXGroup section */
		7BBD818B105AB8161B1432FF /* Pods */ = {
			isa = PBXGroup;
			children = (
				DB2B47864F4C31613BF1CBD8 /* Pods-HelperPodExample.debug.xcconfig */,
				A580758A3E57323AE2E608C7 /* Pods-HelperPodExample.release.xcconfig */,
			);
			name = Pods;
			sourceTree = "<group>";
		};
		908D9159210EFE9600BF6EAD = {
			isa = PBXGroup;
			children = (
				908D9164210EFE9600BF6EAD /* HelperPodExample */,
				908D9163210EFE9600BF6EAD /* Products */,
				7BBD818B105AB8161B1432FF /* Pods */,
				AC6B0F97AD6EEEFA8B9EDACB /* Frameworks */,
			);
			sourceTree = "<group>";
		};
		908D9163210EFE9600BF6EAD /* Products */ = {
			isa = PBXGroup;
			children = (
				908D9162210EFE9600BF6EAD /* HelperPodExample.app */,
			);
			name = Products;
			sourceTree = "<group>";
		};
		908D9164210EFE9600BF6EAD /* HelperPodExample */ = {
			isa = PBXGroup;
			children = (
				908D9165210EFE9600BF6EAD /* AppDelegate.swift */,
				908D9167210EFE9600BF6EAD /* ViewController.swift */,
				908D9169210EFE9600BF6EAD /* Main.storyboard */,
				908D916C210EFE9600BF6EAD /* Assets.xcassets */,
				908D916E210EFE9600BF6EAD /* LaunchScreen.storyboard */,
				908D9171210EFE9600BF6EAD /* Info.plist */,
			);
			path = HelperPodExample;
			sourceTree = "<group>";
		};
		AC6B0F97AD6EEEFA8B9EDACB /* Frameworks */ = {
			isa = PBXGroup;
			children = (
				B613B23558F28C933A87975B /* Pods_HelperPodExample.framework */,
			);
			name = Frameworks;
			sourceTree = "<group>";
		};
/* End PBXGroup section */

/* Begin PBXNativeTarget section */
		908D9161210EFE9600BF6EAD /* HelperPodExample */ = {
			isa = PBXNativeTarget;
			buildConfigurationList = 908D9174210EFE9600BF6EAD /* Build configuration list for PBXNativeTarget "HelperPodExample" */;
			buildPhases = (
				07DE4F79DE187C42CE5180A2 /* [CP] Check Pods Manifest.lock */,
				908D915E210EFE9600BF6EAD /* Sources */,
				908D915F210EFE9600BF6EAD /* Frameworks */,
				908D9160210EFE9600BF6EAD /* Resources */,
				6C5439D4075D3EB03CA4B035 /* [CP] Embed Pods Frameworks */,
			);
			buildRules = (
			);
			dependencies = (
			);
			name = HelperPodExample;
			productName = HelperPodExample;
			productReference = 908D9162210EFE9600BF6EAD /* HelperPodExample.app */;
			productType = "com.apple.product-type.application";
		};
/* End PBXNativeTarget section */

/* Begin PBXProject section */
		908D915A210EFE9600BF6EAD /* Project object */ = {
			isa = PBXProject;
			attributes = {
				LastSwiftUpdateCheck = 0920;
				LastUpgradeCheck = 0920;
				ORGANIZATIONNAME = "shankar kumar";
				TargetAttributes = {
					908D9161210EFE9600BF6EAD = {
						CreatedOnToolsVersion = 9.2;
						ProvisioningStyle = Automatic;
					};
				};
			};
			buildConfigurationList = 908D915D210EFE9600BF6EAD /* Build configuration list for PBXProject "HelperPodExample" */;
			compatibilityVersion = "Xcode 8.0";
			developmentRegion = en;
			hasScannedForEncodings = 0;
			knownRegions = (
				en,
				Base,
			);
			mainGroup = 908D9159210EFE9600BF6EAD;
			productRefGroup = 908D9163210EFE9600BF6EAD /* Products */;
			projectDirPath = "";
			projectRoot = "";
			targets = (
				908D9161210EFE9600BF6EAD /* HelperPodExample */,
			);
		};
/* End PBXProject section */

/* Begin PBXResourcesBuildPhase section */
		908D9160210EFE9600BF6EAD /* Resources */ = {
			isa = PBXResourcesBuildPhase;
			buildActionMask = 2147483647;
			files = (
				908D9170210EFE9600BF6EAD /* LaunchScreen.storyboard in Resources */,
				908D916D210EFE9600BF6EAD /* Assets.xcassets in Resources */,
				908D916B210EFE9600BF6EAD /* Main.storyboard in Resources */,
			);
			runOnlyForDeploymentPostprocessing = 0;
		};
/* End PBXResourcesBuildPhase section */

/* Begin PBXShellScriptBuildPhase section */
		07DE4F79DE187C42CE5180A2 /* [CP] Check Pods Manifest.lock */ = {
			isa = PBXShellScriptBuildPhase;
			buildActionMask = 2147483647;
			files = (
			);
			inputPaths = (
				"${PODS_PODFILE_DIR_PATH}/Podfile.lock",
				"${PODS_ROOT}/Manifest.lock",
			);
			name = "[CP] Check Pods Manifest.lock";
			outputPaths = (
				"$(DERIVED_FILE_DIR)/Pods-HelperPodExample-checkManifestLockResult.txt",
			);
			runOnlyForDeploymentPostprocessing = 0;
			shellPath = /bin/sh;
			shellScript = "diff \"${PODS_PODFILE_DIR_PATH}/Podfile.lock\" \"${PODS_ROOT}/Manifest.lock\" > /dev/null\nif [ $? != 0 ] ; then\n    # print error to STDERR\n    echo \"error: The sandbox is not in sync with the Podfile.lock. Run 'pod install' or update your CocoaPods installation.\" >&2\n    exit 1\nfi\n# This output is used by Xcode 'outputs' to avoid re-running this script phase.\necho \"SUCCESS\" > \"${SCRIPT_OUTPUT_FILE_0}\"\n";
			showEnvVarsInLog = 0;
		};
		6C5439D4075D3EB03CA4B035 /* [CP] Embed Pods Frameworks */ = {
			isa = PBXShellScriptBuildPhase;
			buildActionMask = 2147483647;
			files = (
			);
			inputPaths = (
				"${SRCROOT}/Pods/Target Support Files/Pods-HelperPodExample/Pods-HelperPodExample-frameworks.sh",
				"${BUILT_PRODUCTS_DIR}/HelperPod/HelperPod.framework",
			);
			name = "[CP] Embed Pods Frameworks";
			outputPaths = (
				"${TARGET_BUILD_DIR}/${FRAMEWORKS_FOLDER_PATH}/HelperPod.framework",
			);
			runOnlyForDeploymentPostprocessing = 0;
			shellPath = /bin/sh;
			shellScript = "\"${SRCROOT}/Pods/Target Support Files/Pods-HelperPodExample/Pods-HelperPodExample-frameworks.sh\"\n";
			showEnvVarsInLog = 0;
		};
/* End PBXShellScriptBuildPhase section */

/* Begin PBXSourcesBuildPhase section */
		908D915E210EFE9600BF6EAD /* Sources */ = {
			isa = PBXSourcesBuildPhase;
			buildActionMask = 2147483647;
			files = (
				908D9168210EFE9600BF6EAD /* ViewController.swift in Sources */,
				908D9166210EFE9600BF6EAD /* AppDelegate.swift in Sources */,
			);
			runOnlyForDeploymentPostprocessing = 0;
		};
/* End PBXSourcesBuildPhase section */

/* Begin PBXVariantGroup section */
		908D9169210EFE9600BF6EAD /* Main.storyboard */ = {
			isa = PBXVariantGroup;
			children = (
				908D916A210EFE9600BF6EAD /* Base */,
			);
			name = Main.storyboard;
			sourceTree = "<group>";
		};
		908D916E210EFE9600BF6EAD /* LaunchScreen.storyboard */ = {
			isa = PBXVariantGroup;
			children = (
				908D916F210EFE9600BF6EAD /* Base */,
			);
			name = LaunchScreen.storyboard;
			sourceTree = "<group>";
		};
/* End PBXVariantGroup section */

/* Begin XCBuildConfiguration section */
		908D9172210EFE9600BF6EAD /* Debug */ = {
			isa = XCBuildConfiguration;
			buildSettings = {
				ALWAYS_SEARCH_USER_PATHS = NO;
				CLANG_ANALYZER_NONNULL = YES;
				CLANG_ANALYZER_NUMBER_OBJECT_CONVERSION = YES_AGGRESSIVE;
				CLANG_CXX_LANGUAGE_STANDARD = "gnu++14";
				CLANG_CXX_LIBRARY = "libc++";
				CLANG_ENABLE_MODULES = YES;
				CLANG_ENABLE_OBJC_ARC = YES;
				CLANG_WARN_BLOCK_CAPTURE_AUTORELEASING = YES;
				CLANG_WARN_BOOL_CONVERSION = YES;
				CLANG_WARN_COMMA = YES;
				CLANG_WARN_CONSTANT_CONVERSION = YES;
				CLANG_WARN_DIRECT_OBJC_ISA_USAGE = YES_ERROR;
				CLANG_WARN_DOCUMENTATION_COMMENTS = YES;
				CLANG_WARN_EMPTY_BODY = YES;
				CLANG_WARN_ENUM_CONVERSION = YES;
				CLANG_WARN_INFINITE_RECURSION = YES;
				CLANG_WARN_INT_CONVERSION = YES;
				CLANG_WARN_NON_LITERAL_NULL_CONVERSION = YES;
				CLANG_WARN_OBJC_LITERAL_CONVERSION = YES;
				CLANG_WARN_OBJC_ROOT_CLASS = YES_ERROR;
				CLANG_WARN_RANGE_LOOP_ANALYSIS = YES;
				CLANG_WARN_STRICT_PROTOTYPES = YES;
				CLANG_WARN_SUSPICIOUS_MOVE = YES;
				CLANG_WARN_UNGUARDED_AVAILABILITY = YES_AGGRESSIVE;
				CLANG_WARN_UNREACHABLE_CODE = YES;
				CLANG_WARN__DUPLICATE_METHOD_MATCH = YES;
				CODE_SIGN_IDENTITY = "iPhone Developer";
				COPY_PHASE_STRIP = NO;
				DEBUG_INFORMATION_FORMAT = dwarf;
				ENABLE_STRICT_OBJC_MSGSEND = YES;
				ENABLE_TESTABILITY = YES;
				GCC_C_LANGUAGE_STANDARD = gnu11;
				GCC_DYNAMIC_NO_PIC = NO;
				GCC_NO_COMMON_BLOCKS = YES;
				GCC_OPTIMIZATION_LEVEL = 0;
				GCC_PREPROCESSOR_DEFINITIONS = (
					"DEBUG=1",
					"$(inherited)",
				);
				GCC_WARN_64_TO_32_BIT_CONVERSION = YES;
				GCC_WARN_ABOUT_RETURN_TYPE = YES_ERROR;
				GCC_WARN_UNDECLARED_SELECTOR = YES;
				GCC_WARN_UNINITIALIZED_AUTOS = YES_AGGRESSIVE;
				GCC_WARN_UNUSED_FUNCTION = YES;
				GCC_WARN_UNUSED_VARIABLE = YES;
				IPHONEOS_DEPLOYMENT_TARGET = 11.2;
				MTL_ENABLE_DEBUG_INFO = YES;
				ONLY_ACTIVE_ARCH = YES;
				SDKROOT = iphoneos;
				SWIFT_ACTIVE_COMPILATION_CONDITIONS = DEBUG;
				SWIFT_OPTIMIZATION_LEVEL = "-Onone";
			};
			name = Debug;
		};
		908D9173210EFE9600BF6EAD /* Release */ = {
			isa = XCBuildConfiguration;
			buildSettings = {
				ALWAYS_SEARCH_USER_PATHS = NO;
				CLANG_ANALYZER_NONNULL = YES;
				CLANG_ANALYZER_NUMBER_OBJECT_CONVERSION = YES_AGGRESSIVE;
				CLANG_CXX_LANGUAGE_STANDARD = "gnu++14";
				CLANG_CXX_LIBRARY = "libc++";
				CLANG_ENABLE_MODULES = YES;
				CLANG_ENABLE_OBJC_ARC = YES;
				CLANG_WARN_BLOCK_CAPTURE_AUTORELEASING = YES;
				CLANG_WARN_BOOL_CONVERSION = YES;
				CLANG_WARN_COMMA = YES;
				CLANG_WARN_CONSTANT_CONVERSION = YES;
				CLANG_WARN_DIRECT_OBJC_ISA_USAGE = YES_ERROR;
				CLANG_WARN_DOCUMENTATION_COMMENTS = YES;
				CLANG_WARN_EMPTY_BODY = YES;
				CLANG_WARN_ENUM_CONVERSION = YES;
				CLANG_WARN_INFINITE_RECURSION = YES;
				CLANG_WARN_INT_CONVERSION = YES;
				CLANG_WARN_NON_LITERAL_NULL_CONVERSION = YES;
				CLANG_WARN_OBJC_LITERAL_CONVERSION = YES;
				CLANG_WARN_OBJC_ROOT_CLASS = YES_ERROR;
				CLANG_WARN_RANGE_LOOP_ANALYSIS = YES;
				CLANG_WARN_STRICT_PROTOTYPES = YES;
				CLANG_WARN_SUSPICIOUS_MOVE = YES;
				CLANG_WARN_UNGUARDED_AVAILABILITY = YES_AGGRESSIVE;
				CLANG_WARN_UNREACHABLE_CODE = YES;
				CLANG_WARN__DUPLICATE_METHOD_MATCH = YES;
				CODE_SIGN_IDENTITY = "iPhone Developer";
				COPY_PHASE_STRIP = NO;
				DEBUG_INFORMATION_FORMAT = "dwarf-with-dsym";
				ENABLE_NS_ASSERTIONS = NO;
				ENABLE_STRICT_OBJC_MSGSEND = YES;
				GCC_C_LANGUAGE_STANDARD = gnu11;
				GCC_NO_COMMON_BLOCKS = YES;
				GCC_WARN_64_TO_32_BIT_CONVERSION = YES;
				GCC_WARN_ABOUT_RETURN_TYPE = YES_ERROR;
				GCC_WARN_UNDECLARED_SELECTOR = YES;
				GCC_WARN_UNINITIALIZED_AUTOS = YES_AGGRESSIVE;
				GCC_WARN_UNUSED_FUNCTION = YES;
				GCC_WARN_UNUSED_VARIABLE = YES;
				IPHONEOS_DEPLOYMENT_TARGET = 11.2;
				MTL_ENABLE_DEBUG_INFO = NO;
				SDKROOT = iphoneos;
				SWIFT_OPTIMIZATION_LEVEL = "-Owholemodule";
				VALIDATE_PRODUCT = YES;
			};
			name = Release;
		};
		908D9175210EFE9600BF6EAD /* Debug */ = {
			isa = XCBuildConfiguration;
			baseConfigurationReference = DB2B47864F4C31613BF1CBD8 /* Pods-HelperPodExample.debug.xcconfig */;
			buildSettings = {
				ASSETCATALOG_COMPILER_APPICON_NAME = AppIcon;
				CODE_SIGN_STYLE = Automatic;
				INFOPLIST_FILE = HelperPodExample/Info.plist;
				LD_RUNPATH_SEARCH_PATHS = "$(inherited) @executable_path/Frameworks";
				PRODUCT_BUNDLE_IDENTIFIER = com.deci.HelperPodExample;
				PRODUCT_NAME = "$(TARGET_NAME)";
				SWIFT_VERSION = 4.0;
				TARGETED_DEVICE_FAMILY = "1,2";
			};
			name = Debug;
		};
		908D9176210EFE9600BF6EAD /* Release */ = {
			isa = XCBuildConfiguration;
			baseConfigurationReference = A580758A3E57323AE2E608C7 /* Pods-HelperPodExample.release.xcconfig */;
			buildSettings = {
				ASSETCATALOG_COMPILER_APPICON_NAME = AppIcon;
				CODE_SIGN_STYLE = Automatic;
				INFOPLIST_FILE = HelperPodExample/Info.plist;
				LD_RUNPATH_SEARCH_PATHS = "$(inherited) @executable_path/Frameworks";
				PRODUCT_BUNDLE_IDENTIFIER = com.deci.HelperPodExample;
				PRODUCT_NAME = "$(TARGET_NAME)";
				SWIFT_VERSION = 4.0;
				TARGETED_DEVICE_FAMILY = "1,2";
			};
			name = Release;
		};
/* End XCBuildConfiguration section */

/* Begin XCConfigurationList section */
		908D915D210EFE9600BF6EAD /* Build configuration list for PBXProject "HelperPodExample" */ = {
			isa = XCConfigurationList;
			buildConfigurations = (
				908D9172210EFE9600BF6EAD /* Debug */,
				908D9173210EFE9600BF6EAD /* Release */,
			);
			defaultConfigurationIsVisible = 0;
			defaultConfigurationName = Release;
		};
		908D9174210EFE9600BF6EAD /* Build configuration list for PBXNativeTarget "HelperPodExample" */ = {
			isa = XCConfigurationList;
			buildConfigurations = (
				908D9175210EFE9600BF6EAD /* Debug */,
				908D9176210EFE9600BF6EAD /* Release */,
			);
			defaultConfigurationIsVisible = 0;
			defaultConfigurationName = Release;
		};
/* End XCConfigurationList section */
	};
	rootObject = 908D915A210EFE9600BF6EAD /* Project object */;
}
